
Microsoft Visual Studio Solution File, Format Version 12.00
# Visual Studio 15
VisualStudioVersion = 15.0.28010.2026
MinimumVisualStudioVersion = 10.0.40219.1
Project("{FAE04EC0-301F-11D3-BF4B-00C04F79EFBC}") = "FileArchitectureWebPro", "FileArchitectureWebPro\FileArchitectureWebPro.csproj", "{B3E96A7A-AA8C-450C-9C63-1C8D05353865}"
EndProject
Global
	GlobalSection(SolutionConfigurationPlatforms) = preSolution
		Debug|Any CPU = Debug|Any CPU
		Release|Any CPU = Release|Any CPU
	EndGlobalSection
	GlobalSection(ProjectConfigurationPlatforms) = postSolution
		{B3E96A7A-AA8C-450C-9C63-1C8D05353865}.Debug|Any CPU.ActiveCfg = Debug|Any CPU
		{B3E96A7A-AA8C-450C-9C63-1C8D05353865}.Debug|Any CPU.Build.0 = Debug|Any CPU
		{B3E96A7A-AA8C-450C-9C63-1C8D05353865}.Release|Any CPU.ActiveCfg = Release|Any CPU
		{B3E96A7A-AA8C-450C-9C63-1C8D05353865}.Release|Any CPU.Build.0 = Release|Any CPU
	EndGlobalSection
	GlobalSection(SolutionProperties) = preSolution
		HideSolutionNode = FALSE
	EndGlobalSection
	GlobalSection(ExtensibilityGlobals) = postSolution
		SolutionGuid = {8FCDDCD2-65C4-4173-A693-4840B436CAE2}
	EndGlobalSection
EndGlobal
